
Microsoft Visual Studio Solution File, Format Version 12.00
# Visual Studio Version 17
VisualStudioVersion = 17.11.35303.130
MinimumVisualStudioVersion = 10.0.40219.1
Project("{FAE04EC0-301F-11D3-BF4B-00C04F79EFBC}") = "TailwindWPF", "TailwindWPF\TailwindWPF.csproj", "{0B46F307-15F7-4072-8571-CA15355F006F}"
EndProject
Project("{FAE04EC0-301F-11D3-BF4B-00C04F79EFBC}") = "TailwindWPF.Demo", "TailwindWPF.Demo\TailwindWPF.Demo.csproj", "{14379852-F412-45F5-BCA7-DEFE478ECA20}"
EndProject
Global
	GlobalSection(SolutionConfigurationPlatforms) = preSolution
		Debug|Any CPU = Debug|Any CPU
		Release|Any CPU = Release|Any CPU
	EndGlobalSection
	GlobalSection(ProjectConfigurationPlatforms) = postSolution
		{0B46F307-15F7-4072-8571-CA15355F006F}.Debug|Any CPU.ActiveCfg = Debug|Any CPU
		{0B46F307-15F7-4072-8571-CA15355F006F}.Debug|Any CPU.Build.0 = Debug|Any CPU
		{0B46F307-15F7-4072-8571-CA15355F006F}.Release|Any CPU.ActiveCfg = Release|Any CPU
		{0B46F307-15F7-4072-8571-CA15355F006F}.Release|Any CPU.Build.0 = Release|Any CPU
		{14379852-F412-45F5-BCA7-DEFE478ECA20}.Debug|Any CPU.ActiveCfg = Debug|Any CPU
		{14379852-F412-45F5-BCA7-DEFE478ECA20}.Debug|Any CPU.Build.0 = Debug|Any CPU
		{14379852-F412-45F5-BCA7-DEFE478ECA20}.Release|Any CPU.ActiveCfg = Release|Any CPU
		{14379852-F412-45F5-BCA7-DEFE478ECA20}.Release|Any CPU.Build.0 = Release|Any CPU
	EndGlobalSection
	GlobalSection(SolutionProperties) = preSolution
		HideSolutionNode = FALSE
	EndGlobalSection
	GlobalSection(ExtensibilityGlobals) = postSolution
		SolutionGuid = {36A0FF78-1708-4951-9975-9CE3C56D1143}
	EndGlobalSection
EndGlobal
